// !$*UTF8*$!
{
	archiveVersion = 1;
	classes = {
	};
	objectVersion = 46;
	objects = {

/* Begin PBXBuildFile section */
		A7A6B0181E99F5C4003C1347 /* AppDelegate.swift in Sources */ = {isa = PBXBuildFile; fileRef = A7A6B0171E99F5C4003C1347 /* AppDelegate.swift */; };
		A7A6B01A1E99F5C4003C1347 /* ViewController.swift in Sources */ = {isa = PBXBuildFile; fileRef = A7A6B0191E99F5C4003C1347 /* ViewController.swift */; };
		A7A6B01D1E99F5C4003C1347 /* Main.storyboard in Resources */ = {isa = PBXBuildFile; fileRef = A7A6B01B1E99F5C4003C1347 /* Main.storyboard */; };
		A7A6B01F1E99F5C4003C1347 /* Assets.xcassets in Resources */ = {isa = PBXBuildFile; fileRef = A7A6B01E1E99F5C4003C1347 /* Assets.xcassets */; };
		A7A6B0221E99F5C4003C1347 /* LaunchScreen.storyboard in Resources */ = {isa = PBXBuildFile; fileRef = A7A6B0201E99F5C4003C1347 /* LaunchScreen.storyboard */; };
		A7A6B02A1E99F7E1003C1347 /* ImagePreviewViewController.swift in Sources */ = {isa = PBXBuildFile; fileRef = A7A6B0291E99F7E1003C1347 /* ImagePreviewViewController.swift */; };
/* End PBXBuildFile section */

/* Begin PBXFileReference section */
		A7A6B0141E99F5C4003C1347 /* BetaCamera.app */ = {isa = PBXFileReference; explicitFileType = wrapper.application; includeInIndex = 0; path = BetaCamera.app; sourceTree = BUILT_PRODUCTS_DIR; };
		A7A6B0171E99F5C4003C1347 /* AppDelegate.swift */ = {isa = PBXFileReference; lastKnownFileType = sourcecode.swift; path = AppDelegate.swift; sourceTree = "<group>"; };
		A7A6B0191E99F5C4003C1347 /* ViewController.swift */ = {isa = PBXFileReference; lastKnownFileType = sourcecode.swift; path = ViewController.swift; sourceTree = "<group>"; };
		A7A6B01C1E99F5C4003C1347 /* Base */ = {isa = PBXFileReference; lastKnownFileType = file.storyboard; name = Base; path = Base.lproj/Main.storyboard; sourceTree = "<group>"; };
		A7A6B01E1E99F5C4003C1347 /* Assets.xcassets */ = {isa = PBXFileReference; lastKnownFileType = folder.assetcatalog; path = Assets.xcassets; sourceTree = "<group>"; };
		A7A6B0211E99F5C4003C1347 /* Base */ = {isa = PBXFileReference; lastKnownFileType = file.storyboard; name = Base; path = Base.lproj/LaunchScreen.storyboard; sourceTree = "<group>"; };
		A7A6B0231E99F5C4003C1347 /* Info.plist */ = {isa = PBXFileReference; lastKnownFileType = text.plist.xml; path = Info.plist; sourceTree = "<group>"; };
		A7A6B0291E99F7E1003C1347 /* ImagePreviewViewController.swift */ = {isa = PBXFileReference; fileEncoding = 4; lastKnownFileType = sourcecode.swift; path = ImagePreviewViewController.swift; sourceTree = "<group>"; };
/* End PBXFileReference section */

/* Begin PBXFrameworksBuildPhase section */
		A7A6B0111E99F5C4003C1347 /* Frameworks */ = {
			isa = PBXFrameworksBuildPhase;
			buildActionMask = 2147483647;
			files = (
			);
			runOnlyForDeploymentPostprocessing = 0;
		};
/* End PBXFrameworksBuildPhase section */

/* Begin PBXGroup section */
		A7A6B00B1E99F5C4003C1347 = {
			isa = PBXGroup;
			children = (
				A7A6B0161E99F5C4003C1347 /* BetaCamera */,
				A7A6B0151E99F5C4003C1347 /* Products */,
			);
			sourceTree = "<group>";
		};
		A7A6B0151E99F5C4003C1347 /* Products */ = {
			isa = PBXGroup;
			children = (
				A7A6B0141E99F5C4003C1347 /* BetaCamera.app */,
			);
			name = Products;
			sourceTree = "<group>";
		};
		A7A6B0161E99F5C4003C1347 /* BetaCamera */ = {
			isa = PBXGroup;
			children = (
				A7A6B0171E99F5C4003C1347 /* AppDelegate.swift */,
				A7A6B0191E99F5C4003C1347 /* ViewController.swift */,
				A7A6B01B1E99F5C4003C1347 /* Main.storyboard */,
				A7A6B01E1E99F5C4003C1347 /* Assets.xcassets */,
				A7A6B0201E99F5C4003C1347 /* LaunchScreen.storyboard */,
				A7A6B0231E99F5C4003C1347 /* Info.plist */,
				A7A6B0291E99F7E1003C1347 /* ImagePreviewViewController.swift */,
			);
			path = BetaCamera;
			sourceTree = "<group>";
		};
/* End PBXGroup section */

/* Begin PBXNativeTarget section */
		A7A6B0131E99F5C4003C1347 /* BetaCamera */ = {
			isa = PBXNativeTarget;
			buildConfigurationList = A7A6B0261E99F5C4003C1347 /* Build configuration list for PBXNativeTarget "BetaCamera" */;
			buildPhases = (
				A7A6B0101E99F5C4003C1347 /* Sources */,
				A7A6B0111E99F5C4003C1347 /* Frameworks */,
				A7A6B0121E99F5C4003C1347 /* Resources */,
			);
			buildRules = (
			);
			dependencies = (
			);
			name = BetaCamera;
			productName = BetaCamera;
			productReference = A7A6B0141E99F5C4003C1347 /* BetaCamera.app */;
			productType = "com.apple.product-type.application";
		};
/* End PBXNativeTarget section */

/* Begin PBXProject section */
		A7A6B00C1E99F5C4003C1347 /* Project object */ = {
			isa = PBXProject;
			attributes = {
				LastSwiftUpdateCheck = 0830;
				LastUpgradeCheck = 0830;
				ORGANIZATIONNAME = "Somi  Ogbozor";
				TargetAttributes = {
					A7A6B0131E99F5C4003C1347 = {
						CreatedOnToolsVersion = 8.3;
						DevelopmentTeam = M22TSDV9R6;
						ProvisioningStyle = Automatic;
					};
				};
			};
			buildConfigurationList = A7A6B00F1E99F5C4003C1347 /* Build configuration list for PBXProject "BetaCamera" */;
			compatibilityVersion = "Xcode 3.2";
			developmentRegion = English;
			hasScannedForEncodings = 0;
			knownRegions = (
				en,
				Base,
			);
			mainGroup = A7A6B00B1E99F5C4003C1347;
			productRefGroup = A7A6B0151E99F5C4003C1347 /* Products */;
			projectDirPath = "";
			projectRoot = "";
			targets = (
				A7A6B0131E99F5C4003C1347 /* BetaCamera */,
			);
		};
/* End PBXProject section */

/* Begin PBXResourcesBuildPhase section */
		A7A6B0121E99F5C4003C1347 /* Resources */ = {
			isa = PBXResourcesBuildPhase;
			buildActionMask = 2147483647;
			files = (
				A7A6B0221E99F5C4003C1347 /* LaunchScreen.storyboard in Resources */,
				A7A6B01F1E99F5C4003C1347 /* Assets.xcassets in Resources */,
				A7A6B01D1E99F5C4003C1347 /* Main.storyboard in Resources */,
			);
			runOnlyForDeploymentPostprocessing = 0;
		};
/* End PBXResourcesBuildPhase section */

/* Begin PBXSourcesBuildPhase section */
		A7A6B0101E99F5C4003C1347 /* Sources */ = {
			isa = PBXSourcesBuildPhase;
			buildActionMask = 2147483647;
			files = (
				A7A6B01A1E99F5C4003C1347 /* ViewController.swift in Sources */,
				A7A6B02A1E99F7E1003C1347 /* ImagePreviewViewController.swift in Sources */,
				A7A6B0181E99F5C4003C1347 /* AppDelegate.swift in Sources */,
			);
			runOnlyForDeploymentPostprocessing = 0;
		};
/* End PBXSourcesBuildPhase section */

/* Begin PBXVariantGroup section */
		A7A6B01B1E99F5C4003C1347 /* Main.storyboard */ = {
			isa = PBXVariantGroup;
			children = (
				A7A6B01C1E99F5C4003C1347 /* Base */,
			);
			name = Main.storyboard;
			sourceTree = "<group>";
		};
		A7A6B0201E99F5C4003C1347 /* LaunchScreen.storyboard */ = {
			isa = PBXVariantGroup;
			children = (
				A7A6B0211E99F5C4003C1347 /* Base */,
			);
			name = LaunchScreen.storyboard;
			sourceTree = "<group>";
		};
/* End PBXVariantGroup section */

/* Begin XCBuildConfiguration section */
		A7A6B0241E99F5C4003C1347 /* Debug */ = {
			isa = XCBuildConfiguration;
			buildSettings = {
				ALWAYS_SEARCH_USER_PATHS = NO;
				CLANG_ANALYZER_NONNULL = YES;
				CLANG_ANALYZER_NUMBER_OBJECT_CONVERSION = YES_AGGRESSIVE;
				CLANG_CXX_LANGUAGE_STANDARD = "gnu++0x";
				CLANG_CXX_LIBRARY = "libc++";
				CLANG_ENABLE_MODULES = YES;
				CLANG_ENABLE_OBJC_ARC = YES;
				CLANG_WARN_BOOL_CONVERSION = YES;
				CLANG_WARN_CONSTANT_CONVERSION = YES;
				CLANG_WARN_DIRECT_OBJC_ISA_USAGE = YES_ERROR;
				CLANG_WARN_DOCUMENTATION_COMMENTS = YES;
				CLANG_WARN_EMPTY_BODY = YES;
				CLANG_WARN_ENUM_CONVERSION = YES;
				CLANG_WARN_INFINITE_RECURSION = YES;
				CLANG_WARN_INT_CONVERSION = YES;
				CLANG_WARN_OBJC_ROOT_CLASS = YES_ERROR;
				CLANG_WARN_SUSPICIOUS_MOVE = YES;
				CLANG_WARN_UNREACHABLE_CODE = YES;
				CLANG_WARN__DUPLICATE_METHOD_MATCH = YES;
				"CODE_SIGN_IDENTITY[sdk=iphoneos*]" = "iPhone Developer";
				COPY_PHASE_STRIP = NO;
				DEBUG_INFORMATION_FORMAT = dwarf;
				ENABLE_STRICT_OBJC_MSGSEND = YES;
				ENABLE_TESTABILITY = YES;
				GCC_C_LANGUAGE_STANDARD = gnu99;
				GCC_DYNAMIC_NO_PIC = NO;
				GCC_NO_COMMON_BLOCKS = YES;
				GCC_OPTIMIZATION_LEVEL = 0;
				GCC_PREPROCESSOR_DEFINITIONS = (
					"DEBUG=1",
					"$(inherited)",
				);
				GCC_WARN_64_TO_32_BIT_CONVERSION = YES;
				GCC_WARN_ABOUT_RETURN_TYPE = YES_ERROR;
				GCC_WARN_UNDECLARED_SELECTOR = YES;
				GCC_WARN_UNINITIALIZED_AUTOS = YES_AGGRESSIVE;
				GCC_WARN_UNUSED_FUNCTION = YES;
				GCC_WARN_UNUSED_VARIABLE = YES;
				IPHONEOS_DEPLOYMENT_TARGET = 10.3;
				MTL_ENABLE_DEBUG_INFO = YES;
				ONLY_ACTIVE_ARCH = YES;
				SDKROOT = iphoneos;
				SWIFT_ACTIVE_COMPILATION_CONDITIONS = DEBUG;
				SWIFT_OPTIMIZATION_LEVEL = "-Onone";
			};
			name = Debug;
		};
		A7A6B0251E99F5C4003C1347 /* Release */ = {
			isa = XCBuildConfiguration;
			buildSettings = {
				ALWAYS_SEARCH_USER_PATHS = NO;
				CLANG_ANALYZER_NONNULL = YES;
				CLANG_ANALYZER_NUMBER_OBJECT_CONVERSION = YES_AGGRESSIVE;
				CLANG_CXX_LANGUAGE_STANDARD = "gnu++0x";
				CLANG_CXX_LIBRARY = "libc++";
				CLANG_ENABLE_MODULES = YES;
				CLANG_ENABLE_OBJC_ARC = YES;
				CLANG_WARN_BOOL_CONVERSION = YES;
				CLANG_WARN_CONSTANT_CONVERSION = YES;
				CLANG_WARN_DIRECT_OBJC_ISA_USAGE = YES_ERROR;
				CLANG_WARN_DOCUMENTATION_COMMENTS = YES;
				CLANG_WARN_EMPTY_BODY = YES;
				CLANG_WARN_ENUM_CONVERSION = YES;
				CLANG_WARN_INFINITE_RECURSION = YES;
				CLANG_WARN_INT_CONVERSION = YES;
				CLANG_WARN_OBJC_ROOT_CLASS = YES_ERROR;
				CLANG_WARN_SUSPICIOUS_MOVE = YES;
				CLANG_WARN_UNREACHABLE_CODE = YES;
				CLANG_WARN__DUPLICATE_METHOD_MATCH = YES;
				"CODE_SIGN_IDENTITY[sdk=iphoneos*]" = "iPhone Developer";
				COPY_PHASE_STRIP = NO;
				DEBUG_INFORMATION_FORMAT = "dwarf-with-dsym";
				ENABLE_NS_ASSERTIONS = NO;
				ENABLE_STRICT_OBJC_MSGSEND = YES;
				GCC_C_LANGUAGE_STANDARD = gnu99;
				GCC_NO_COMMON_BLOCKS = YES;
				GCC_WARN_64_TO_32_BIT_CONVERSION = YES;
				GCC_WARN_ABOUT_RETURN_TYPE = YES_ERROR;
				GCC_WARN_UNDECLARED_SELECTOR = YES;
				GCC_WARN_UNINITIALIZED_AUTOS = YES_AGGRESSIVE;
				GCC_WARN_UNUSED_FUNCTION = YES;
				GCC_WARN_UNUSED_VARIABLE = YES;
				IPHONEOS_DEPLOYMENT_TARGET = 10.3;
				MTL_ENABLE_DEBUG_INFO = NO;
				SDKROOT = iphoneos;
				SWIFT_OPTIMIZATION_LEVEL = "-Owholemodule";
				VALIDATE_PRODUCT = YES;
			};
			name = Release;
		};
		A7A6B0271E99F5C4003C1347 /* Debug */ = {
			isa = XCBuildConfiguration;
			buildSettings = {
				ASSETCATALOG_COMPILER_APPICON_NAME = AppIcon;
				DEVELOPMENT_TEAM = M22TSDV9R6;
				INFOPLIST_FILE = BetaCamera/Info.plist;
				IPHONEOS_DEPLOYMENT_TARGET = 10.0;
				LD_RUNPATH_SEARCH_PATHS = "$(inherited) @executable_path/Frameworks";
				PRODUCT_BUNDLE_IDENTIFIER = SomiOgbozor.BetaCamera;
				PRODUCT_NAME = "$(TARGET_NAME)";
				SWIFT_VERSION = 3.0;
			};
			name = Debug;
		};
		A7A6B0281E99F5C4003C1347 /* Release */ = {
			isa = XCBuildConfiguration;
			buildSettings = {
				ASSETCATALOG_COMPILER_APPICON_NAME = AppIcon;
				DEVELOPMENT_TEAM = M22TSDV9R6;
				INFOPLIST_FILE = BetaCamera/Info.plist;
				IPHONEOS_DEPLOYMENT_TARGET = 10.0;
				LD_RUNPATH_SEARCH_PATHS = "$(inherited) @executable_path/Frameworks";
				PRODUCT_BUNDLE_IDENTIFIER = SomiOgbozor.BetaCamera;
				PRODUCT_NAME = "$(TARGET_NAME)";
				SWIFT_VERSION = 3.0;
			};
			name = Release;
		};
/* End XCBuildConfiguration section */

/* Begin XCConfigurationList section */
		A7A6B00F1E99F5C4003C1347 /* Build configuration list for PBXProject "BetaCamera" */ = {
			isa = XCConfigurationList;
			buildConfigurations = (
				A7A6B0241E99F5C4003C1347 /* Debug */,
				A7A6B0251E99F5C4003C1347 /* Release */,
			);
			defaultConfigurationIsVisible = 0;
			defaultConfigurationName = Release;
		};
		A7A6B0261E99F5C4003C1347 /* Build configuration list for PBXNativeTarget "BetaCamera" */ = {
			isa = XCConfigurationList;
			buildConfigurations = (
				A7A6B0271E99F5C4003C1347 /* Debug */,
				A7A6B0281E99F5C4003C1347 /* Release */,
			);
			defaultConfigurationIsVisible = 0;
		};
/* End XCConfigurationList section */
	};
	rootObject = A7A6B00C1E99F5C4003C1347 /* Project object */;
}
